// !$*UTF8*$!
{
	archiveVersion = 1;
	classes = {
	};
	objectVersion = 55;
	objects = {

/* Begin PBXBuildFile section */
		03E681572873689B001BF795 /* PersonalFinanceAppApp.swift in Sources */ = {isa = PBXBuildFile; fileRef = 03E681562873689B001BF795 /* PersonalFinanceAppApp.swift */; };
		03E681592873689B001BF795 /* ContentView.swift in Sources */ = {isa = PBXBuildFile; fileRef = 03E681582873689B001BF795 /* ContentView.swift */; };
		03E6815B2873689D001BF795 /* Assets.xcassets in Resources */ = {isa = PBXBuildFile; fileRef = 03E6815A2873689D001BF795 /* Assets.xcassets */; };
		03E6815E2873689D001BF795 /* Preview Assets.xcassets in Resources */ = {isa = PBXBuildFile; fileRef = 03E6815D2873689D001BF795 /* Preview Assets.xcassets */; };
		03E681682873689E001BF795 /* PersonalFinanceAppTests.swift in Sources */ = {isa = PBXBuildFile; fileRef = 03E681672873689E001BF795 /* PersonalFinanceAppTests.swift */; };
		03E681722873689E001BF795 /* PersonalFinanceAppUITests.swift in Sources */ = {isa = PBXBuildFile; fileRef = 03E681712873689E001BF795 /* PersonalFinanceAppUITests.swift */; };
		03E681742873689E001BF795 /* PersonalFinanceAppUITestsLaunchTests.swift in Sources */ = {isa = PBXBuildFile; fileRef = 03E681732873689E001BF795 /* PersonalFinanceAppUITestsLaunchTests.swift */; };
		03E68182287368B4001BF795 /* Collections in Frameworks */ = {isa = PBXBuildFile; productRef = 03E68181287368B4001BF795 /* Collections */; };
		03E68185287368C4001BF795 /* SwiftUIFontIcon in Frameworks */ = {isa = PBXBuildFile; productRef = 03E68184287368C4001BF795 /* SwiftUIFontIcon */; };
		03E68188287368E2001BF795 /* SwiftUICharts in Frameworks */ = {isa = PBXBuildFile; productRef = 03E68187287368E2001BF795 /* SwiftUICharts */; };
		03E6818A28736988001BF795 /* RecentTransactionList.swift in Sources */ = {isa = PBXBuildFile; fileRef = 03E6818928736988001BF795 /* RecentTransactionList.swift */; };
		03E6818C287369C1001BF795 /* TransactionRow.swift in Sources */ = {isa = PBXBuildFile; fileRef = 03E6818B287369C1001BF795 /* TransactionRow.swift */; };
		03E6818E287369DC001BF795 /* TransactionModel.swift in Sources */ = {isa = PBXBuildFile; fileRef = 03E6818D287369DC001BF795 /* TransactionModel.swift */; };
		03E68190287369F8001BF795 /* TransactionListViewModel.swift in Sources */ = {isa = PBXBuildFile; fileRef = 03E6818F287369F8001BF795 /* TransactionListViewModel.swift */; };
		03E6819228736A1A001BF795 /* TransactionList.swift in Sources */ = {isa = PBXBuildFile; fileRef = 03E6819128736A1A001BF795 /* TransactionList.swift */; };
		03E6819428736A4A001BF795 /* Extensions.swift in Sources */ = {isa = PBXBuildFile; fileRef = 03E6819328736A4A001BF795 /* Extensions.swift */; };
		03E6819628736CC8001BF795 /* transactionPreview.swift in Sources */ = {isa = PBXBuildFile; fileRef = 03E6819528736CC8001BF795 /* transactionPreview.swift */; };
/* End PBXBuildFile section */

/* Begin PBXContainerItemProxy section */
		03E681642873689D001BF795 /* PBXContainerItemProxy */ = {
			isa = PBXContainerItemProxy;
			containerPortal = 03E6814B2873689B001BF795 /* Project object */;
			proxyType = 1;
			remoteGlobalIDString = 03E681522873689B001BF795;
			remoteInfo = PersonalFinanceApp;
		};
		03E6816E2873689E001BF795 /* PBXContainerItemProxy */ = {
			isa = PBXContainerItemProxy;
			containerPortal = 03E6814B2873689B001BF795 /* Project object */;
			proxyType = 1;
			remoteGlobalIDString = 03E681522873689B001BF795;
			remoteInfo = PersonalFinanceApp;
		};
/* End PBXContainerItemProxy section */

/* Begin PBXFileReference section */
		03E681532873689B001BF795 /* PersonalFinanceApp.app */ = {isa = PBXFileReference; explicitFileType = wrapper.application; includeInIndex = 0; path = PersonalFinanceApp.app; sourceTree = BUILT_PRODUCTS_DIR; };
		03E681562873689B001BF795 /* PersonalFinanceAppApp.swift */ = {isa = PBXFileReference; lastKnownFileType = sourcecode.swift; path = PersonalFinanceAppApp.swift; sourceTree = "<group>"; };
		03E681582873689B001BF795 /* ContentView.swift */ = {isa = PBXFileReference; lastKnownFileType = sourcecode.swift; path = ContentView.swift; sourceTree = "<group>"; };
		03E6815A2873689D001BF795 /* Assets.xcassets */ = {isa = PBXFileReference; lastKnownFileType = folder.assetcatalog; path = Assets.xcassets; sourceTree = "<group>"; };
		03E6815D2873689D001BF795 /* Preview Assets.xcassets */ = {isa = PBXFileReference; lastKnownFileType = folder.assetcatalog; path = "Preview Assets.xcassets"; sourceTree = "<group>"; };
		03E681632873689D001BF795 /* PersonalFinanceAppTests.xctest */ = {isa = PBXFileReference; explicitFileType = wrapper.cfbundle; includeInIndex = 0; path = PersonalFinanceAppTests.xctest; sourceTree = BUILT_PRODUCTS_DIR; };
		03E681672873689E001BF795 /* PersonalFinanceAppTests.swift */ = {isa = PBXFileReference; lastKnownFileType = sourcecode.swift; path = PersonalFinanceAppTests.swift; sourceTree = "<group>"; };
		03E6816D2873689E001BF795 /* PersonalFinanceAppUITests.xctest */ = {isa = PBXFileReference; explicitFileType = wrapper.cfbundle; includeInIndex = 0; path = PersonalFinanceAppUITests.xctest; sourceTree = BUILT_PRODUCTS_DIR; };
		03E681712873689E001BF795 /* PersonalFinanceAppUITests.swift */ = {isa = PBXFileReference; lastKnownFileType = sourcecode.swift; path = PersonalFinanceAppUITests.swift; sourceTree = "<group>"; };
		03E681732873689E001BF795 /* PersonalFinanceAppUITestsLaunchTests.swift */ = {isa = PBXFileReference; lastKnownFileType = sourcecode.swift; path = PersonalFinanceAppUITestsLaunchTests.swift; sourceTree = "<group>"; };
		03E6818928736988001BF795 /* RecentTransactionList.swift */ = {isa = PBXFileReference; lastKnownFileType = sourcecode.swift; path = RecentTransactionList.swift; sourceTree = "<group>"; };
		03E6818B287369C1001BF795 /* TransactionRow.swift */ = {isa = PBXFileReference; lastKnownFileType = sourcecode.swift; path = TransactionRow.swift; sourceTree = "<group>"; };
		03E6818D287369DC001BF795 /* TransactionModel.swift */ = {isa = PBXFileReference; lastKnownFileType = sourcecode.swift; path = TransactionModel.swift; sourceTree = "<group>"; };
		03E6818F287369F8001BF795 /* TransactionListViewModel.swift */ = {isa = PBXFileReference; lastKnownFileType = sourcecode.swift; path = TransactionListViewModel.swift; sourceTree = "<group>"; };
		03E6819128736A1A001BF795 /* TransactionList.swift */ = {isa = PBXFileReference; lastKnownFileType = sourcecode.swift; path = TransactionList.swift; sourceTree = "<group>"; };
		03E6819328736A4A001BF795 /* Extensions.swift */ = {isa = PBXFileReference; lastKnownFileType = sourcecode.swift; path = Extensions.swift; sourceTree = "<group>"; };
		03E6819528736CC8001BF795 /* transactionPreview.swift */ = {isa = PBXFileReference; lastKnownFileType = sourcecode.swift; path = transactionPreview.swift; sourceTree = "<group>"; };
/* End PBXFileReference section */

/* Begin PBXFrameworksBuildPhase section */
		03E681502873689B001BF795 /* Frameworks */ = {
			isa = PBXFrameworksBuildPhase;
			buildActionMask = 2147483647;
			files = (
				03E68188287368E2001BF795 /* SwiftUICharts in Frameworks */,
				03E68185287368C4001BF795 /* SwiftUIFontIcon in Frameworks */,
				03E68182287368B4001BF795 /* Collections in Frameworks */,
			);
			runOnlyForDeploymentPostprocessing = 0;
		};
		03E681602873689D001BF795 /* Frameworks */ = {
			isa = PBXFrameworksBuildPhase;
			buildActionMask = 2147483647;
			files = (
			);
			runOnlyForDeploymentPostprocessing = 0;
		};
		03E6816A2873689E001BF795 /* Frameworks */ = {
			isa = PBXFrameworksBuildPhase;
			buildActionMask = 2147483647;
			files = (
			);
			runOnlyForDeploymentPostprocessing = 0;
		};
/* End PBXFrameworksBuildPhase section */

/* Begin PBXGroup section */
		03E6814A2873689B001BF795 = {
			isa = PBXGroup;
			children = (
				03E681552873689B001BF795 /* PersonalFinanceApp */,
				03E681662873689E001BF795 /* PersonalFinanceAppTests */,
				03E681702873689E001BF795 /* PersonalFinanceAppUITests */,
				03E681542873689B001BF795 /* Products */,
			);
			sourceTree = "<group>";
		};
		03E681542873689B001BF795 /* Products */ = {
			isa = PBXGroup;
			children = (
				03E681532873689B001BF795 /* PersonalFinanceApp.app */,
				03E681632873689D001BF795 /* PersonalFinanceAppTests.xctest */,
				03E6816D2873689E001BF795 /* PersonalFinanceAppUITests.xctest */,
			);
			name = Products;
			sourceTree = "<group>";
		};
		03E681552873689B001BF795 /* PersonalFinanceApp */ = {
			isa = PBXGroup;
			children = (
				03E681582873689B001BF795 /* ContentView.swift */,
				03E6819328736A4A001BF795 /* Extensions.swift */,
				03E681562873689B001BF795 /* PersonalFinanceAppApp.swift */,
				03E6818928736988001BF795 /* RecentTransactionList.swift */,
				03E6819128736A1A001BF795 /* TransactionList.swift */,
				03E6818F287369F8001BF795 /* TransactionListViewModel.swift */,
				03E6818D287369DC001BF795 /* TransactionModel.swift */,
				03E6818B287369C1001BF795 /* TransactionRow.swift */,
				03E6815A2873689D001BF795 /* Assets.xcassets */,
				03E6815C2873689D001BF795 /* Preview Content */,
			);
			path = PersonalFinanceApp;
			sourceTree = "<group>";
		};
		03E6815C2873689D001BF795 /* Preview Content */ = {
			isa = PBXGroup;
			children = (
				03E6815D2873689D001BF795 /* Preview Assets.xcassets */,
				03E6819528736CC8001BF795 /* transactionPreview.swift */,
			);
			path = "Preview Content";
			sourceTree = "<group>";
		};
		03E681662873689E001BF795 /* PersonalFinanceAppTests */ = {
			isa = PBXGroup;
			children = (
				03E681672873689E001BF795 /* PersonalFinanceAppTests.swift */,
			);
			path = PersonalFinanceAppTests;
			sourceTree = "<group>";
		};
		03E681702873689E001BF795 /* PersonalFinanceAppUITests */ = {
			isa = PBXGroup;
			children = (
				03E681712873689E001BF795 /* PersonalFinanceAppUITests.swift */,
				03E681732873689E001BF795 /* PersonalFinanceAppUITestsLaunchTests.swift */,
			);
			path = PersonalFinanceAppUITests;
			sourceTree = "<group>";
		};
/* End PBXGroup section */

/* Begin PBXNativeTarget section */
		03E681522873689B001BF795 /* PersonalFinanceApp */ = {
			isa = PBXNativeTarget;
			buildConfigurationList = 03E681772873689E001BF795 /* Build configuration list for PBXNativeTarget "PersonalFinanceApp" */;
			buildPhases = (
				03E6814F2873689B001BF795 /* Sources */,
				03E681502873689B001BF795 /* Frameworks */,
				03E681512873689B001BF795 /* Resources */,
			);
			buildRules = (
			);
			dependencies = (
			);
			name = PersonalFinanceApp;
			packageProductDependencies = (
				03E68181287368B4001BF795 /* Collections */,
				03E68184287368C4001BF795 /* SwiftUIFontIcon */,
				03E68187287368E2001BF795 /* SwiftUICharts */,
			);
			productName = PersonalFinanceApp;
			productReference = 03E681532873689B001BF795 /* PersonalFinanceApp.app */;
			productType = "com.apple.product-type.application";
		};
		03E681622873689D001BF795 /* PersonalFinanceAppTests */ = {
			isa = PBXNativeTarget;
			buildConfigurationList = 03E6817A2873689E001BF795 /* Build configuration list for PBXNativeTarget "PersonalFinanceAppTests" */;
			buildPhases = (
				03E6815F2873689D001BF795 /* Sources */,
				03E681602873689D001BF795 /* Frameworks */,
				03E681612873689D001BF795 /* Resources */,
			);
			buildRules = (
			);
			dependencies = (
				03E681652873689D001BF795 /* PBXTargetDependency */,
			);
			name = PersonalFinanceAppTests;
			productName = PersonalFinanceAppTests;
			productReference = 03E681632873689D001BF795 /* PersonalFinanceAppTests.xctest */;
			productType = "com.apple.product-type.bundle.unit-test";
		};
		03E6816C2873689E001BF795 /* PersonalFinanceAppUITests */ = {
			isa = PBXNativeTarget;
			buildConfigurationList = 03E6817D2873689E001BF795 /* Build configuration list for PBXNativeTarget "PersonalFinanceAppUITests" */;
			buildPhases = (
				03E681692873689E001BF795 /* Sources */,
				03E6816A2873689E001BF795 /* Frameworks */,
				03E6816B2873689E001BF795 /* Resources */,
			);
			buildRules = (
			);
			dependencies = (
				03E6816F2873689E001BF795 /* PBXTargetDependency */,
			);
			name = PersonalFinanceAppUITests;
			productName = PersonalFinanceAppUITests;
			productReference = 03E6816D2873689E001BF795 /* PersonalFinanceAppUITests.xctest */;
			productType = "com.apple.product-type.bundle.ui-testing";
		};
/* End PBXNativeTarget section */

/* Begin PBXProject section */
		03E6814B2873689B001BF795 /* Project object */ = {
			isa = PBXProject;
			attributes = {
				BuildIndependentTargetsInParallel = 1;
				LastSwiftUpdateCheck = 1340;
				LastUpgradeCheck = 1340;
				TargetAttributes = {
					03E681522873689B001BF795 = {
						CreatedOnToolsVersion = 13.4.1;
					};
					03E681622873689D001BF795 = {
						CreatedOnToolsVersion = 13.4.1;
						TestTargetID = 03E681522873689B001BF795;
					};
					03E6816C2873689E001BF795 = {
						CreatedOnToolsVersion = 13.4.1;
						TestTargetID = 03E681522873689B001BF795;
					};
				};
			};
			buildConfigurationList = 03E6814E2873689B001BF795 /* Build configuration list for PBXProject "PersonalFinanceApp" */;
			compatibilityVersion = "Xcode 13.0";
			developmentRegion = en;
			hasScannedForEncodings = 0;
			knownRegions = (
				en,
				Base,
			);
			mainGroup = 03E6814A2873689B001BF795;
			packageReferences = (
				03E68180287368B4001BF795 /* XCRemoteSwiftPackageReference "swift-collections" */,
				03E68183287368C4001BF795 /* XCRemoteSwiftPackageReference "SwiftUIFontIcon" */,
				03E68186287368E2001BF795 /* XCRemoteSwiftPackageReference "ChartView" */,
			);
			productRefGroup = 03E681542873689B001BF795 /* Products */;
			projectDirPath = "";
			projectRoot = "";
			targets = (
				03E681522873689B001BF795 /* PersonalFinanceApp */,
				03E681622873689D001BF795 /* PersonalFinanceAppTests */,
				03E6816C2873689E001BF795 /* PersonalFinanceAppUITests */,
			);
		};
/* End PBXProject section */

/* Begin PBXResourcesBuildPhase section */
		03E681512873689B001BF795 /* Resources */ = {
			isa = PBXResourcesBuildPhase;
			buildActionMask = 2147483647;
			files = (
				03E6815E2873689D001BF795 /* Preview Assets.xcassets in Resources */,
				03E6815B2873689D001BF795 /* Assets.xcassets in Resources */,
			);
			runOnlyForDeploymentPostprocessing = 0;
		};
		03E681612873689D001BF795 /* Resources */ = {
			isa = PBXResourcesBuildPhase;
			buildActionMask = 2147483647;
			files = (
			);
			runOnlyForDeploymentPostprocessing = 0;
		};
		03E6816B2873689E001BF795 /* Resources */ = {
			isa = PBXResourcesBuildPhase;
			buildActionMask = 2147483647;
			files = (
			);
			runOnlyForDeploymentPostprocessing = 0;
		};
/* End PBXResourcesBuildPhase section */

/* Begin PBXSourcesBuildPhase section */
		03E6814F2873689B001BF795 /* Sources */ = {
			isa = PBXSourcesBuildPhase;
			buildActionMask = 2147483647;
			files = (
				03E6818E287369DC001BF795 /* TransactionModel.swift in Sources */,
				03E68190287369F8001BF795 /* TransactionListViewModel.swift in Sources */,
				03E6818A28736988001BF795 /* RecentTransactionList.swift in Sources */,
				03E6819428736A4A001BF795 /* Extensions.swift in Sources */,
				03E6819228736A1A001BF795 /* TransactionList.swift in Sources */,
				03E6818C287369C1001BF795 /* TransactionRow.swift in Sources */,
				03E681592873689B001BF795 /* ContentView.swift in Sources */,
				03E681572873689B001BF795 /* PersonalFinanceAppApp.swift in Sources */,
				03E6819628736CC8001BF795 /* transactionPreview.swift in Sources */,
			);
			runOnlyForDeploymentPostprocessing = 0;
		};
		03E6815F2873689D001BF795 /* Sources */ = {
			isa = PBXSourcesBuildPhase;
			buildActionMask = 2147483647;
			files = (
				03E681682873689E001BF795 /* PersonalFinanceAppTests.swift in Sources */,
			);
			runOnlyForDeploymentPostprocessing = 0;
		};
		03E681692873689E001BF795 /* Sources */ = {
			isa = PBXSourcesBuildPhase;
			buildActionMask = 2147483647;
			files = (
				03E681722873689E001BF795 /* PersonalFinanceAppUITests.swift in Sources */,
				03E681742873689E001BF795 /* PersonalFinanceAppUITestsLaunchTests.swift in Sources */,
			);
			runOnlyForDeploymentPostprocessing = 0;
		};
/* End PBXSourcesBuildPhase section */

/* Begin PBXTargetDependency section */
		03E681652873689D001BF795 /* PBXTargetDependency */ = {
			isa = PBXTargetDependency;
			target = 03E681522873689B001BF795 /* PersonalFinanceApp */;
			targetProxy = 03E681642873689D001BF795 /* PBXContainerItemProxy */;
		};
		03E6816F2873689E001BF795 /* PBXTargetDependency */ = {
			isa = PBXTargetDependency;
			target = 03E681522873689B001BF795 /* PersonalFinanceApp */;
			targetProxy = 03E6816E2873689E001BF795 /* PBXContainerItemProxy */;
		};
/* End PBXTargetDependency section */

/* Begin XCBuildConfiguration section */
		03E681752873689E001BF795 /* Debug */ = {
			isa = XCBuildConfiguration;
			buildSettings = {
				ALWAYS_SEARCH_USER_PATHS = NO;
				CLANG_ANALYZER_NONNULL = YES;
				CLANG_ANALYZER_NUMBER_OBJECT_CONVERSION = YES_AGGRESSIVE;
				CLANG_CXX_LANGUAGE_STANDARD = "gnu++17";
				CLANG_ENABLE_MODULES = YES;
				CLANG_ENABLE_OBJC_ARC = YES;
				CLANG_ENABLE_OBJC_WEAK = YES;
				CLANG_WARN_BLOCK_CAPTURE_AUTORELEASING = YES;
				CLANG_WARN_BOOL_CONVERSION = YES;
				CLANG_WARN_COMMA = YES;
				CLANG_WARN_CONSTANT_CONVERSION = YES;
				CLANG_WARN_DEPRECATED_OBJC_IMPLEMENTATIONS = YES;
				CLANG_WARN_DIRECT_OBJC_ISA_USAGE = YES_ERROR;
				CLANG_WARN_DOCUMENTATION_COMMENTS = YES;
				CLANG_WARN_EMPTY_BODY = YES;
				CLANG_WARN_ENUM_CONVERSION = YES;
				CLANG_WARN_INFINITE_RECURSION = YES;
				CLANG_WARN_INT_CONVERSION = YES;
				CLANG_WARN_NON_LITERAL_NULL_CONVERSION = YES;
				CLANG_WARN_OBJC_IMPLICIT_RETAIN_SELF = YES;
				CLANG_WARN_OBJC_LITERAL_CONVERSION = YES;
				CLANG_WARN_OBJC_ROOT_CLASS = YES_ERROR;
				CLANG_WARN_QUOTED_INCLUDE_IN_FRAMEWORK_HEADER = YES;
				CLANG_WARN_RANGE_LOOP_ANALYSIS = YES;
				CLANG_WARN_STRICT_PROTOTYPES = YES;
				CLANG_WARN_SUSPICIOUS_MOVE = YES;
				CLANG_WARN_UNGUARDED_AVAILABILITY = YES_AGGRESSIVE;
				CLANG_WARN_UNREACHABLE_CODE = YES;
				CLANG_WARN__DUPLICATE_METHOD_MATCH = YES;
				COPY_PHASE_STRIP = NO;
				DEBUG_INFORMATION_FORMAT = dwarf;
				ENABLE_STRICT_OBJC_MSGSEND = YES;
				ENABLE_TESTABILITY = YES;
				GCC_C_LANGUAGE_STANDARD = gnu11;
				GCC_DYNAMIC_NO_PIC = NO;
				GCC_NO_COMMON_BLOCKS = YES;
				GCC_OPTIMIZATION_LEVEL = 0;
				GCC_PREPROCESSOR_DEFINITIONS = (
					"DEBUG=1",
					"$(inherited)",
				);
				GCC_WARN_64_TO_32_BIT_CONVERSION = YES;
				GCC_WARN_ABOUT_RETURN_TYPE = YES_ERROR;
				GCC_WARN_UNDECLARED_SELECTOR = YES;
				GCC_WARN_UNINITIALIZED_AUTOS = YES_AGGRESSIVE;
				GCC_WARN_UNUSED_FUNCTION = YES;
				GCC_WARN_UNUSED_VARIABLE = YES;
				IPHONEOS_DEPLOYMENT_TARGET = 15.5;
				MTL_ENABLE_DEBUG_INFO = INCLUDE_SOURCE;
				MTL_FAST_MATH = YES;
				ONLY_ACTIVE_ARCH = YES;
				SDKROOT = iphoneos;
				SWIFT_ACTIVE_COMPILATION_CONDITIONS = DEBUG;
				SWIFT_OPTIMIZATION_LEVEL = "-Onone";
			};
			name = Debug;
		};
		03E681762873689E001BF795 /* Release */ = {
			isa = XCBuildConfiguration;
			buildSettings = {
				ALWAYS_SEARCH_USER_PATHS = NO;
				CLANG_ANALYZER_NONNULL = YES;
				CLANG_ANALYZER_NUMBER_OBJECT_CONVERSION = YES_AGGRESSIVE;
				CLANG_CXX_LANGUAGE_STANDARD = "gnu++17";
				CLANG_ENABLE_MODULES = YES;
				CLANG_ENABLE_OBJC_ARC = YES;
				CLANG_ENABLE_OBJC_WEAK = YES;
				CLANG_WARN_BLOCK_CAPTURE_AUTORELEASING = YES;
				CLANG_WARN_BOOL_CONVERSION = YES;
				CLANG_WARN_COMMA = YES;
				CLANG_WARN_CONSTANT_CONVERSION = YES;
				CLANG_WARN_DEPRECATED_OBJC_IMPLEMENTATIONS = YES;
				CLANG_WARN_DIRECT_OBJC_ISA_USAGE = YES_ERROR;
				CLANG_WARN_DOCUMENTATION_COMMENTS = YES;
				CLANG_WARN_EMPTY_BODY = YES;
				CLANG_WARN_ENUM_CONVERSION = YES;
				CLANG_WARN_INFINITE_RECURSION = YES;
				CLANG_WARN_INT_CONVERSION = YES;
				CLANG_WARN_NON_LITERAL_NULL_CONVERSION = YES;
				CLANG_WARN_OBJC_IMPLICIT_RETAIN_SELF = YES;
				CLANG_WARN_OBJC_LITERAL_CONVERSION = YES;
				CLANG_WARN_OBJC_ROOT_CLASS = YES_ERROR;
				CLANG_WARN_QUOTED_INCLUDE_IN_FRAMEWORK_HEADER = YES;
				CLANG_WARN_RANGE_LOOP_ANALYSIS = YES;
				CLANG_WARN_STRICT_PROTOTYPES = YES;
				CLANG_WARN_SUSPICIOUS_MOVE = YES;
				CLANG_WARN_UNGUARDED_AVAILABILITY = YES_AGGRESSIVE;
				CLANG_WARN_UNREACHABLE_CODE = YES;
				CLANG_WARN__DUPLICATE_METHOD_MATCH = YES;
				COPY_PHASE_STRIP = NO;
				DEBUG_INFORMATION_FORMAT = "dwarf-with-dsym";
				ENABLE_NS_ASSERTIONS = NO;
				ENABLE_STRICT_OBJC_MSGSEND = YES;
				GCC_C_LANGUAGE_STANDARD = gnu11;
				GCC_NO_COMMON_BLOCKS = YES;
				GCC_WARN_64_TO_32_BIT_CONVERSION = YES;
				GCC_WARN_ABOUT_RETURN_TYPE = YES_ERROR;
				GCC_WARN_UNDECLARED_SELECTOR = YES;
				GCC_WARN_UNINITIALIZED_AUTOS = YES_AGGRESSIVE;
				GCC_WARN_UNUSED_FUNCTION = YES;
				GCC_WARN_UNUSED_VARIABLE = YES;
				IPHONEOS_DEPLOYMENT_TARGET = 15.5;
				MTL_ENABLE_DEBUG_INFO = NO;
				MTL_FAST_MATH = YES;
				SDKROOT = iphoneos;
				SWIFT_COMPILATION_MODE = wholemodule;
				SWIFT_OPTIMIZATION_LEVEL = "-O";
				VALIDATE_PRODUCT = YES;
			};
			name = Release;
		};
		03E681782873689E001BF795 /* Debug */ = {
			isa = XCBuildConfiguration;
			buildSettings = {
				ASSETCATALOG_COMPILER_APPICON_NAME = AppIcon;
				ASSETCATALOG_COMPILER_GLOBAL_ACCENT_COLOR_NAME = AccentColor;
				CODE_SIGN_STYLE = Automatic;
				CURRENT_PROJECT_VERSION = 1;
				DEVELOPMENT_ASSET_PATHS = "\"PersonalFinanceApp/Preview Content\"";
				DEVELOPMENT_TEAM = 498LH5Y8S4;
				ENABLE_PREVIEWS = YES;
				GENERATE_INFOPLIST_FILE = YES;
				INFOPLIST_KEY_UIApplicationSceneManifest_Generation = YES;
				INFOPLIST_KEY_UIApplicationSupportsIndirectInputEvents = YES;
				INFOPLIST_KEY_UILaunchScreen_Generation = YES;
				INFOPLIST_KEY_UISupportedInterfaceOrientations_iPad = "UIInterfaceOrientationPortrait UIInterfaceOrientationPortraitUpsideDown UIInterfaceOrientationLandscapeLeft UIInterfaceOrientationLandscapeRight";
				INFOPLIST_KEY_UISupportedInterfaceOrientations_iPhone = "UIInterfaceOrientationPortrait UIInterfaceOrientationLandscapeLeft UIInterfaceOrientationLandscapeRight";
				LD_RUNPATH_SEARCH_PATHS = (
					"$(inherited)",
					"@executable_path/Frameworks",
				);
				MARKETING_VERSION = 1.0;
				PRODUCT_BUNDLE_IDENTIFIER = com.BetterBudgetApp.PersonalFinanceApp;
				PRODUCT_NAME = "$(TARGET_NAME)";
				SWIFT_EMIT_LOC_STRINGS = YES;
				SWIFT_VERSION = 5.0;
				TARGETED_DEVICE_FAMILY = "1,2";
			};
			name = Debug;
		};
		03E681792873689E001BF795 /* Release */ = {
			isa = XCBuildConfiguration;
			buildSettings = {
				ASSETCATALOG_COMPILER_APPICON_NAME = AppIcon;
				ASSETCATALOG_COMPILER_GLOBAL_ACCENT_COLOR_NAME = AccentColor;
				CODE_SIGN_STYLE = Automatic;
				CURRENT_PROJECT_VERSION = 1;
				DEVELOPMENT_ASSET_PATHS = "\"PersonalFinanceApp/Preview Content\"";
				DEVELOPMENT_TEAM = 498LH5Y8S4;
				ENABLE_PREVIEWS = YES;
				GENERATE_INFOPLIST_FILE = YES;
				INFOPLIST_KEY_UIApplicationSceneManifest_Generation = YES;
				INFOPLIST_KEY_UIApplicationSupportsIndirectInputEvents = YES;
				INFOPLIST_KEY_UILaunchScreen_Generation = YES;
				INFOPLIST_KEY_UISupportedInterfaceOrientations_iPad = "UIInterfaceOrientationPortrait UIInterfaceOrientationPortraitUpsideDown UIInterfaceOrientationLandscapeLeft UIInterfaceOrientationLandscapeRight";
				INFOPLIST_KEY_UISupportedInterfaceOrientations_iPhone = "UIInterfaceOrientationPortrait UIInterfaceOrientationLandscapeLeft UIInterfaceOrientationLandscapeRight";
				LD_RUNPATH_SEARCH_PATHS = (
					"$(inherited)",
					"@executable_path/Frameworks",
				);
				MARKETING_VERSION = 1.0;
				PRODUCT_BUNDLE_IDENTIFIER = com.BetterBudgetApp.PersonalFinanceApp;
				PRODUCT_NAME = "$(TARGET_NAME)";
				SWIFT_EMIT_LOC_STRINGS = YES;
				SWIFT_VERSION = 5.0;
				TARGETED_DEVICE_FAMILY = "1,2";
			};
			name = Release;
		};
		03E6817B2873689E001BF795 /* Debug */ = {
			isa = XCBuildConfiguration;
			buildSettings = {
				ALWAYS_EMBED_SWIFT_STANDARD_LIBRARIES = YES;
				BUNDLE_LOADER = "$(TEST_HOST)";
				CODE_SIGN_STYLE = Automatic;
				CURRENT_PROJECT_VERSION = 1;
				DEVELOPMENT_TEAM = 498LH5Y8S4;
				GENERATE_INFOPLIST_FILE = YES;
				IPHONEOS_DEPLOYMENT_TARGET = 15.5;
				MARKETING_VERSION = 1.0;
				PRODUCT_BUNDLE_IDENTIFIER = com.BetterBudgetApp.PersonalFinanceAppTests;
				PRODUCT_NAME = "$(TARGET_NAME)";
				SWIFT_EMIT_LOC_STRINGS = NO;
				SWIFT_VERSION = 5.0;
				TARGETED_DEVICE_FAMILY = "1,2";
				TEST_HOST = "$(BUILT_PRODUCTS_DIR)/PersonalFinanceApp.app/PersonalFinanceApp";
			};
			name = Debug;
		};
		03E6817C2873689E001BF795 /* Release */ = {
			isa = XCBuildConfiguration;
			buildSettings = {
				ALWAYS_EMBED_SWIFT_STANDARD_LIBRARIES = YES;
				BUNDLE_LOADER = "$(TEST_HOST)";
				CODE_SIGN_STYLE = Automatic;
				CURRENT_PROJECT_VERSION = 1;
				DEVELOPMENT_TEAM = 498LH5Y8S4;
				GENERATE_INFOPLIST_FILE = YES;
				IPHONEOS_DEPLOYMENT_TARGET = 15.5;
				MARKETING_VERSION = 1.0;
				PRODUCT_BUNDLE_IDENTIFIER = com.BetterBudgetApp.PersonalFinanceAppTests;
				PRODUCT_NAME = "$(TARGET_NAME)";
				SWIFT_EMIT_LOC_STRINGS = NO;
				SWIFT_VERSION = 5.0;
				TARGETED_DEVICE_FAMILY = "1,2";
				TEST_HOST = "$(BUILT_PRODUCTS_DIR)/PersonalFinanceApp.app/PersonalFinanceApp";
			};
			name = Release;
		};
		03E6817E2873689E001BF795 /* Debug */ = {
			isa = XCBuildConfiguration;
			buildSettings = {
				ALWAYS_EMBED_SWIFT_STANDARD_LIBRARIES = YES;
				CODE_SIGN_STYLE = Automatic;
				CURRENT_PROJECT_VERSION = 1;
				DEVELOPMENT_TEAM = 498LH5Y8S4;
				GENERATE_INFOPLIST_FILE = YES;
				MARKETING_VERSION = 1.0;
				PRODUCT_BUNDLE_IDENTIFIER = com.BetterBudgetApp.PersonalFinanceAppUITests;
				PRODUCT_NAME = "$(TARGET_NAME)";
				SWIFT_EMIT_LOC_STRINGS = NO;
				SWIFT_VERSION = 5.0;
				TARGETED_DEVICE_FAMILY = "1,2";
				TEST_TARGET_NAME = PersonalFinanceApp;
			};
			name = Debug;
		};
		03E6817F2873689E001BF795 /* Release */ = {
			isa = XCBuildConfiguration;
			buildSettings = {
				ALWAYS_EMBED_SWIFT_STANDARD_LIBRARIES = YES;
				CODE_SIGN_STYLE = Automatic;
				CURRENT_PROJECT_VERSION = 1;
				DEVELOPMENT_TEAM = 498LH5Y8S4;
				GENERATE_INFOPLIST_FILE = YES;
				MARKETING_VERSION = 1.0;
				PRODUCT_BUNDLE_IDENTIFIER = com.BetterBudgetApp.PersonalFinanceAppUITests;
				PRODUCT_NAME = "$(TARGET_NAME)";
				SWIFT_EMIT_LOC_STRINGS = NO;
				SWIFT_VERSION = 5.0;
				TARGETED_DEVICE_FAMILY = "1,2";
				TEST_TARGET_NAME = PersonalFinanceApp;
			};
			name = Release;
		};
/* End XCBuildConfiguration section */

/* Begin XCConfigurationList section */
		03E6814E2873689B001BF795 /* Build configuration list for PBXProject "PersonalFinanceApp" */ = {
			isa = XCConfigurationList;
			buildConfigurations = (
				03E681752873689E001BF795 /* Debug */,
				03E681762873689E001BF795 /* Release */,
			);
			defaultConfigurationIsVisible = 0;
			defaultConfigurationName = Release;
		};
		03E681772873689E001BF795 /* Build configuration list for PBXNativeTarget "PersonalFinanceApp" */ = {
			isa = XCConfigurationList;
			buildConfigurations = (
				03E681782873689E001BF795 /* Debug */,
				03E681792873689E001BF795 /* Release */,
			);
			defaultConfigurationIsVisible = 0;
			defaultConfigurationName = Release;
		};
		03E6817A2873689E001BF795 /* Build configuration list for PBXNativeTarget "PersonalFinanceAppTests" */ = {
			isa = XCConfigurationList;
			buildConfigurations = (
				03E6817B2873689E001BF795 /* Debug */,
				03E6817C2873689E001BF795 /* Release */,
			);
			defaultConfigurationIsVisible = 0;
			defaultConfigurationName = Release;
		};
		03E6817D2873689E001BF795 /* Build configuration list for PBXNativeTarget "PersonalFinanceAppUITests" */ = {
			isa = XCConfigurationList;
			buildConfigurations = (
				03E6817E2873689E001BF795 /* Debug */,
				03E6817F2873689E001BF795 /* Release */,
			);
			defaultConfigurationIsVisible = 0;
			defaultConfigurationName = Release;
		};
/* End XCConfigurationList section */

/* Begin XCRemoteSwiftPackageReference section */
		03E68180287368B4001BF795 /* XCRemoteSwiftPackageReference "swift-collections" */ = {
			isa = XCRemoteSwiftPackageReference;
			repositoryURL = "https://github.com/apple/swift-collections";
			requirement = {
				branch = main;
				kind = branch;
			};
		};
		03E68183287368C4001BF795 /* XCRemoteSwiftPackageReference "SwiftUIFontIcon" */ = {
			isa = XCRemoteSwiftPackageReference;
			repositoryURL = "https://github.com/huybuidac/SwiftUIFontIcon";
			requirement = {
				branch = master;
				kind = branch;
			};
		};
		03E68186287368E2001BF795 /* XCRemoteSwiftPackageReference "ChartView" */ = {
			isa = XCRemoteSwiftPackageReference;
			repositoryURL = "https://github.com/AppPear/ChartView";
			requirement = {
				kind = upToNextMinorVersion;
				minimumVersion = 1.5.0;
			};
		};
/* End XCRemoteSwiftPackageReference section */

/* Begin XCSwiftPackageProductDependency section */
		03E68181287368B4001BF795 /* Collections */ = {
			isa = XCSwiftPackageProductDependency;
			package = 03E68180287368B4001BF795 /* XCRemoteSwiftPackageReference "swift-collections" */;
			productName = Collections;
		};
		03E68184287368C4001BF795 /* SwiftUIFontIcon */ = {
			isa = XCSwiftPackageProductDependency;
			package = 03E68183287368C4001BF795 /* XCRemoteSwiftPackageReference "SwiftUIFontIcon" */;
			productName = SwiftUIFontIcon;
		};
		03E68187287368E2001BF795 /* SwiftUICharts */ = {
			isa = XCSwiftPackageProductDependency;
			package = 03E68186287368E2001BF795 /* XCRemoteSwiftPackageReference "ChartView" */;
			productName = SwiftUICharts;
		};
/* End XCSwiftPackageProductDependency section */
	};
	rootObject = 03E6814B2873689B001BF795 /* Project object */;
}
